
Microsoft Visual Studio Solution File, Format Version 12.00
# Visual Studio 2012
Project("{FAE04EC0-301F-11D3-BF4B-00C04F79EFBC}") = "iPhoneAppBackend(JSON Sender)", "iPhoneAppBackend(JSON Sender)\iPhoneAppBackend(JSON Sender).csproj", "{32CFB34E-2897-45B2-AE93-EF7FBE5D8B66}"
EndProject
Global
	GlobalSection(SolutionConfigurationPlatforms) = preSolution
		Debug|Any CPU = Debug|Any CPU
		Release|Any CPU = Release|Any CPU
	EndGlobalSection
	GlobalSection(ProjectConfigurationPlatforms) = postSolution
		{32CFB34E-2897-45B2-AE93-EF7FBE5D8B66}.Debug|Any CPU.ActiveCfg = Debug|Any CPU
		{32CFB34E-2897-45B2-AE93-EF7FBE5D8B66}.Debug|Any CPU.Build.0 = Debug|Any CPU
		{32CFB34E-2897-45B2-AE93-EF7FBE5D8B66}.Release|Any CPU.ActiveCfg = Release|Any CPU
		{32CFB34E-2897-45B2-AE93-EF7FBE5D8B66}.Release|Any CPU.Build.0 = Release|Any CPU
	EndGlobalSection
	GlobalSection(SolutionProperties) = preSolution
		HideSolutionNode = FALSE
	EndGlobalSection
EndGlobal
